// !$*UTF8*$!
{
	archiveVersion = 1;
	classes = {
	};
	objectVersion = 50;
	objects = {

/* Begin PBXBuildFile section */
		111B3F4B223BD7F300E65987 /* ConfirmDialogView.swift in Sources */ = {isa = PBXBuildFile; fileRef = 111B3F49223BD7F300E65987 /* ConfirmDialogView.swift */; };
		111B3F4C223BD7F300E65987 /* ConfirmDialogView.xib in Resources */ = {isa = PBXBuildFile; fileRef = 111B3F4A223BD7F300E65987 /* ConfirmDialogView.xib */; };
		113662102238ACAC006DCAA4 /* CheckoutViewController.swift in Sources */ = {isa = PBXBuildFile; fileRef = 1136620F2238ACAC006DCAA4 /* CheckoutViewController.swift */; };
		113662122238B083006DCAA4 /* StripeService.swift in Sources */ = {isa = PBXBuildFile; fileRef = 113662112238B083006DCAA4 /* StripeService.swift */; };
		113DBAE922341AD700383001 /* AppDelegate.swift in Sources */ = {isa = PBXBuildFile; fileRef = 113DBAE822341AD700383001 /* AppDelegate.swift */; };
		113DBAEB22341AD700383001 /* HomeViewController.swift in Sources */ = {isa = PBXBuildFile; fileRef = 113DBAEA22341AD700383001 /* HomeViewController.swift */; };
		113DBAEE22341AD700383001 /* Main.storyboard in Resources */ = {isa = PBXBuildFile; fileRef = 113DBAEC22341AD700383001 /* Main.storyboard */; };
		113DBAF022341ADB00383001 /* Assets.xcassets in Resources */ = {isa = PBXBuildFile; fileRef = 113DBAEF22341ADB00383001 /* Assets.xcassets */; };
		113DBAF322341ADB00383001 /* LaunchScreen.storyboard in Resources */ = {isa = PBXBuildFile; fileRef = 113DBAF122341ADB00383001 /* LaunchScreen.storyboard */; };
		113DBB032234857C00383001 /* FirebaseService.swift in Sources */ = {isa = PBXBuildFile; fileRef = 113DBB022234857C00383001 /* FirebaseService.swift */; };
		113DBB05223485B000383001 /* Store.swift in Sources */ = {isa = PBXBuildFile; fileRef = 113DBB04223485B000383001 /* Store.swift */; };
		113DBB072234866C00383001 /* Product.swift in Sources */ = {isa = PBXBuildFile; fileRef = 113DBB062234866C00383001 /* Product.swift */; };
		113DBB092234CA3F00383001 /* ViewService.swift in Sources */ = {isa = PBXBuildFile; fileRef = 113DBB082234CA3F00383001 /* ViewService.swift */; };
		1143DCDC2268016F0070AA1A /* JWT.swift in Sources */ = {isa = PBXBuildFile; fileRef = 1143DCDB2268016F0070AA1A /* JWT.swift */; };
		115E4A2B223C054B00E2EA79 /* EditUnitItemView.swift in Sources */ = {isa = PBXBuildFile; fileRef = 115E4A29223C054B00E2EA79 /* EditUnitItemView.swift */; };
		115E4A2C223C054B00E2EA79 /* EditUnitItemView.xib in Resources */ = {isa = PBXBuildFile; fileRef = 115E4A2A223C054B00E2EA79 /* EditUnitItemView.xib */; };
		116D2C712239EB7B00D0F32A /* StripeConstants.swift in Sources */ = {isa = PBXBuildFile; fileRef = 116D2C702239EB7B00D0F32A /* StripeConstants.swift */; };
		116D2C77223B2F6600D0F32A /* PaymentSuccessViewController.swift in Sources */ = {isa = PBXBuildFile; fileRef = 116D2C76223B2F6600D0F32A /* PaymentSuccessViewController.swift */; };
		1170067E22604A91001094A1 /* UtilityService.swift in Sources */ = {isa = PBXBuildFile; fileRef = 1170067D22604A91001094A1 /* UtilityService.swift */; };
		1189A1D32237FAD900E92BED /* ViewConstants.swift in Sources */ = {isa = PBXBuildFile; fileRef = 1189A1D22237FAD900E92BED /* ViewConstants.swift */; };
		1192A06A2268D1B4009445D4 /* Transaction.swift in Sources */ = {isa = PBXBuildFile; fileRef = 1192A0692268D1B4009445D4 /* Transaction.swift */; };
		1192A06D2268F760009445D4 /* TransactionTableViewCell.swift in Sources */ = {isa = PBXBuildFile; fileRef = 1192A06B2268F760009445D4 /* TransactionTableViewCell.swift */; };
		1192A06E2268F760009445D4 /* TransactionTableViewCell.xib in Resources */ = {isa = PBXBuildFile; fileRef = 1192A06C2268F760009445D4 /* TransactionTableViewCell.xib */; };
		11AEB072224524710008E96E /* LoginViewController.swift in Sources */ = {isa = PBXBuildFile; fileRef = 11AEB071224524710008E96E /* LoginViewController.swift */; };
		11AEB07422453E8F0008E96E /* FirebaseConstants.swift in Sources */ = {isa = PBXBuildFile; fileRef = 11AEB07322453E8F0008E96E /* FirebaseConstants.swift */; };
		11AEB076224540510008E96E /* Customer.swift in Sources */ = {isa = PBXBuildFile; fileRef = 11AEB075224540510008E96E /* Customer.swift */; };
		11B151EF228534340093FEFB /* EditWeighedItemView.swift in Sources */ = {isa = PBXBuildFile; fileRef = 11B151ED228534340093FEFB /* EditWeighedItemView.swift */; };
		11B151F0228534340093FEFB /* EditWeighedItemView.xib in Resources */ = {isa = PBXBuildFile; fileRef = 11B151EE228534340093FEFB /* EditWeighedItemView.xib */; };
		11B6ECCF22359C9A00C7716D /* ShoppingViewController.swift in Sources */ = {isa = PBXBuildFile; fileRef = 11B6ECCE22359C9A00C7716D /* ShoppingViewController.swift */; };
		11B6ECDD22360BCD00C7716D /* ProductTableViewCell.swift in Sources */ = {isa = PBXBuildFile; fileRef = 11B6ECDB22360BCD00C7716D /* ProductTableViewCell.swift */; };
		11B6ECDE22360BCD00C7716D /* ProductTableViewCell.xib in Resources */ = {isa = PBXBuildFile; fileRef = 11B6ECDC22360BCD00C7716D /* ProductTableViewCell.xib */; };
		11B6ECE02236101E00C7716D /* TextFormatterService.swift in Sources */ = {isa = PBXBuildFile; fileRef = 11B6ECDF2236101E00C7716D /* TextFormatterService.swift */; };
		11FD1C3C2288F5A300F4E038 /* TransactionDetailView.swift in Sources */ = {isa = PBXBuildFile; fileRef = 11FD1C3A2288F5A300F4E038 /* TransactionDetailView.swift */; };
		11FD1C3D2288F5A300F4E038 /* TransactionDetailView.xib in Resources */ = {isa = PBXBuildFile; fileRef = 11FD1C3B2288F5A300F4E038 /* TransactionDetailView.xib */; };
		11FE4C94226E9E7D00750A87 /* GoogleService-Info.plist in Resources */ = {isa = PBXBuildFile; fileRef = 11FE4C93226E9E7D00750A87 /* GoogleService-Info.plist */; };
		AECA42B170F84009031D382F /* Pods_Clerc.framework in Frameworks */ = {isa = PBXBuildFile; fileRef = 6D1ACF49A6D8A950982A240E /* Pods_Clerc.framework */; };
/* End PBXBuildFile section */

/* Begin PBXFileReference section */
		111B3F49223BD7F300E65987 /* ConfirmDialogView.swift */ = {isa = PBXFileReference; lastKnownFileType = sourcecode.swift; path = ConfirmDialogView.swift; sourceTree = "<group>"; };
		111B3F4A223BD7F300E65987 /* ConfirmDialogView.xib */ = {isa = PBXFileReference; lastKnownFileType = file.xib; path = ConfirmDialogView.xib; sourceTree = "<group>"; };
		1136620F2238ACAC006DCAA4 /* CheckoutViewController.swift */ = {isa = PBXFileReference; lastKnownFileType = sourcecode.swift; path = CheckoutViewController.swift; sourceTree = "<group>"; };
		113662112238B083006DCAA4 /* StripeService.swift */ = {isa = PBXFileReference; lastKnownFileType = sourcecode.swift; path = StripeService.swift; sourceTree = "<group>"; };
		113DBAE522341AD700383001 /* Clerc.app */ = {isa = PBXFileReference; explicitFileType = wrapper.application; includeInIndex = 0; path = Clerc.app; sourceTree = BUILT_PRODUCTS_DIR; };
		113DBAE822341AD700383001 /* AppDelegate.swift */ = {isa = PBXFileReference; lastKnownFileType = sourcecode.swift; path = AppDelegate.swift; sourceTree = "<group>"; };
		113DBAEA22341AD700383001 /* HomeViewController.swift */ = {isa = PBXFileReference; lastKnownFileType = sourcecode.swift; path = HomeViewController.swift; sourceTree = "<group>"; };
		113DBAED22341AD700383001 /* Base */ = {isa = PBXFileReference; lastKnownFileType = file.storyboard; name = Base; path = Base.lproj/Main.storyboard; sourceTree = "<group>"; };
		113DBAEF22341ADB00383001 /* Assets.xcassets */ = {isa = PBXFileReference; lastKnownFileType = folder.assetcatalog; path = Assets.xcassets; sourceTree = "<group>"; };
		113DBAF222341ADB00383001 /* Base */ = {isa = PBXFileReference; lastKnownFileType = file.storyboard; name = Base; path = Base.lproj/LaunchScreen.storyboard; sourceTree = "<group>"; };
		113DBAF422341ADB00383001 /* Info.plist */ = {isa = PBXFileReference; lastKnownFileType = text.plist.xml; path = Info.plist; sourceTree = "<group>"; };
		113DBB022234857C00383001 /* FirebaseService.swift */ = {isa = PBXFileReference; lastKnownFileType = sourcecode.swift; path = FirebaseService.swift; sourceTree = "<group>"; };
		113DBB04223485B000383001 /* Store.swift */ = {isa = PBXFileReference; lastKnownFileType = sourcecode.swift; path = Store.swift; sourceTree = "<group>"; };
		113DBB062234866C00383001 /* Product.swift */ = {isa = PBXFileReference; lastKnownFileType = sourcecode.swift; path = Product.swift; sourceTree = "<group>"; };
		113DBB082234CA3F00383001 /* ViewService.swift */ = {isa = PBXFileReference; lastKnownFileType = sourcecode.swift; path = ViewService.swift; sourceTree = "<group>"; };
		1143DCDB2268016F0070AA1A /* JWT.swift */ = {isa = PBXFileReference; lastKnownFileType = sourcecode.swift; path = JWT.swift; sourceTree = "<group>"; };
		11523ED322472587002D8CBE /* Clerc.entitlements */ = {isa = PBXFileReference; lastKnownFileType = text.plist.entitlements; path = Clerc.entitlements; sourceTree = "<group>"; };
		115E4A29223C054B00E2EA79 /* EditUnitItemView.swift */ = {isa = PBXFileReference; lastKnownFileType = sourcecode.swift; path = EditUnitItemView.swift; sourceTree = "<group>"; };
		115E4A2A223C054B00E2EA79 /* EditUnitItemView.xib */ = {isa = PBXFileReference; lastKnownFileType = file.xib; path = EditUnitItemView.xib; sourceTree = "<group>"; };
		116D2C702239EB7B00D0F32A /* StripeConstants.swift */ = {isa = PBXFileReference; lastKnownFileType = sourcecode.swift; path = StripeConstants.swift; sourceTree = "<group>"; };
		116D2C76223B2F6600D0F32A /* PaymentSuccessViewController.swift */ = {isa = PBXFileReference; lastKnownFileType = sourcecode.swift; path = PaymentSuccessViewController.swift; sourceTree = "<group>"; };
		1170067D22604A91001094A1 /* UtilityService.swift */ = {isa = PBXFileReference; lastKnownFileType = sourcecode.swift; path = UtilityService.swift; sourceTree = "<group>"; };
		1189A1D22237FAD900E92BED /* ViewConstants.swift */ = {isa = PBXFileReference; lastKnownFileType = sourcecode.swift; path = ViewConstants.swift; sourceTree = "<group>"; };
		1192A0692268D1B4009445D4 /* Transaction.swift */ = {isa = PBXFileReference; lastKnownFileType = sourcecode.swift; path = Transaction.swift; sourceTree = "<group>"; };
		1192A06B2268F760009445D4 /* TransactionTableViewCell.swift */ = {isa = PBXFileReference; lastKnownFileType = sourcecode.swift; path = TransactionTableViewCell.swift; sourceTree = "<group>"; };
		1192A06C2268F760009445D4 /* TransactionTableViewCell.xib */ = {isa = PBXFileReference; lastKnownFileType = file.xib; path = TransactionTableViewCell.xib; sourceTree = "<group>"; };
		11AEB071224524710008E96E /* LoginViewController.swift */ = {isa = PBXFileReference; lastKnownFileType = sourcecode.swift; path = LoginViewController.swift; sourceTree = "<group>"; };
		11AEB07322453E8F0008E96E /* FirebaseConstants.swift */ = {isa = PBXFileReference; lastKnownFileType = sourcecode.swift; path = FirebaseConstants.swift; sourceTree = "<group>"; };
		11AEB075224540510008E96E /* Customer.swift */ = {isa = PBXFileReference; lastKnownFileType = sourcecode.swift; path = Customer.swift; sourceTree = "<group>"; };
		11B151ED228534340093FEFB /* EditWeighedItemView.swift */ = {isa = PBXFileReference; lastKnownFileType = sourcecode.swift; path = EditWeighedItemView.swift; sourceTree = "<group>"; };
		11B151EE228534340093FEFB /* EditWeighedItemView.xib */ = {isa = PBXFileReference; lastKnownFileType = file.xib; path = EditWeighedItemView.xib; sourceTree = "<group>"; };
		11B6ECCE22359C9A00C7716D /* ShoppingViewController.swift */ = {isa = PBXFileReference; lastKnownFileType = sourcecode.swift; path = ShoppingViewController.swift; sourceTree = "<group>"; };
		11B6ECDB22360BCD00C7716D /* ProductTableViewCell.swift */ = {isa = PBXFileReference; lastKnownFileType = sourcecode.swift; path = ProductTableViewCell.swift; sourceTree = "<group>"; };
		11B6ECDC22360BCD00C7716D /* ProductTableViewCell.xib */ = {isa = PBXFileReference; lastKnownFileType = file.xib; path = ProductTableViewCell.xib; sourceTree = "<group>"; };
		11B6ECDF2236101E00C7716D /* TextFormatterService.swift */ = {isa = PBXFileReference; lastKnownFileType = sourcecode.swift; path = TextFormatterService.swift; sourceTree = "<group>"; };
		11FD1C3A2288F5A300F4E038 /* TransactionDetailView.swift */ = {isa = PBXFileReference; lastKnownFileType = sourcecode.swift; path = TransactionDetailView.swift; sourceTree = "<group>"; };
		11FD1C3B2288F5A300F4E038 /* TransactionDetailView.xib */ = {isa = PBXFileReference; lastKnownFileType = file.xib; path = TransactionDetailView.xib; sourceTree = "<group>"; };
		11FE4C93226E9E7D00750A87 /* GoogleService-Info.plist */ = {isa = PBXFileReference; fileEncoding = 4; lastKnownFileType = text.plist.xml; path = "GoogleService-Info.plist"; sourceTree = "<group>"; };
		14DEB2D70CDDF8FE8FD474F9 /* Pods-Clerc.debug.xcconfig */ = {isa = PBXFileReference; includeInIndex = 1; lastKnownFileType = text.xcconfig; name = "Pods-Clerc.debug.xcconfig"; path = "Target Support Files/Pods-Clerc/Pods-Clerc.debug.xcconfig"; sourceTree = "<group>"; };
		2E62220C9AE96ADA9A0319DC /* Pods-Clerc.release.xcconfig */ = {isa = PBXFileReference; includeInIndex = 1; lastKnownFileType = text.xcconfig; name = "Pods-Clerc.release.xcconfig"; path = "Target Support Files/Pods-Clerc/Pods-Clerc.release.xcconfig"; sourceTree = "<group>"; };
		6D1ACF49A6D8A950982A240E /* Pods_Clerc.framework */ = {isa = PBXFileReference; explicitFileType = wrapper.framework; includeInIndex = 0; path = Pods_Clerc.framework; sourceTree = BUILT_PRODUCTS_DIR; };
/* End PBXFileReference section */

/* Begin PBXFrameworksBuildPhase section */
		113DBAE222341AD700383001 /* Frameworks */ = {
			isa = PBXFrameworksBuildPhase;
			buildActionMask = 2147483647;
			files = (
				AECA42B170F84009031D382F /* Pods_Clerc.framework in Frameworks */,
			);
			runOnlyForDeploymentPostprocessing = 0;
		};
/* End PBXFrameworksBuildPhase section */

/* Begin PBXGroup section */
		113DBADC22341AD700383001 = {
			isa = PBXGroup;
			children = (
				113DBAE722341AD700383001 /* Clerc */,
				113DBAE622341AD700383001 /* Products */,
				EE3C11E5FBF917DBE023D908 /* Pods */,
				D1D736CB4BB7CC5E03FADD5B /* Frameworks */,
			);
			sourceTree = "<group>";
		};
		113DBAE622341AD700383001 /* Products */ = {
			isa = PBXGroup;
			children = (
				113DBAE522341AD700383001 /* Clerc.app */,
			);
			name = Products;
			sourceTree = "<group>";
		};
		113DBAE722341AD700383001 /* Clerc */ = {
			isa = PBXGroup;
			children = (
				11FE4C93226E9E7D00750A87 /* GoogleService-Info.plist */,
				11523ED322472587002D8CBE /* Clerc.entitlements */,
				1189A1D12237FAC400E92BED /* Constants */,
				113DBB012234856D00383001 /* Service */,
				113DBB002234855B00383001 /* Controller */,
				113DBAFF2234854C00383001 /* View */,
				113DBAFE2234854400383001 /* Model */,
				113DBAE822341AD700383001 /* AppDelegate.swift */,
				113DBAEC22341AD700383001 /* Main.storyboard */,
				113DBAEF22341ADB00383001 /* Assets.xcassets */,
				113DBAF122341ADB00383001 /* LaunchScreen.storyboard */,
				113DBAF422341ADB00383001 /* Info.plist */,
			);
			path = Clerc;
			sourceTree = "<group>";
		};
		113DBAFE2234854400383001 /* Model */ = {
			isa = PBXGroup;
			children = (
				113DBB04223485B000383001 /* Store.swift */,
				113DBB062234866C00383001 /* Product.swift */,
				11AEB075224540510008E96E /* Customer.swift */,
				1143DCDB2268016F0070AA1A /* JWT.swift */,
				1192A0692268D1B4009445D4 /* Transaction.swift */,
			);
			path = Model;
			sourceTree = "<group>";
		};
		113DBAFF2234854C00383001 /* View */ = {
			isa = PBXGroup;
			children = (
				11B6ECDA22360BA800C7716D /* TableCell */,
				11B6ECD922360B9C00C7716D /* Popup */,
			);
			path = View;
			sourceTree = "<group>";
		};
		113DBB002234855B00383001 /* Controller */ = {
			isa = PBXGroup;
			children = (
				113DBAEA22341AD700383001 /* HomeViewController.swift */,
				11B6ECCE22359C9A00C7716D /* ShoppingViewController.swift */,
				1136620F2238ACAC006DCAA4 /* CheckoutViewController.swift */,
				116D2C76223B2F6600D0F32A /* PaymentSuccessViewController.swift */,
				11AEB071224524710008E96E /* LoginViewController.swift */,
			);
			path = Controller;
			sourceTree = "<group>";
		};
		113DBB012234856D00383001 /* Service */ = {
			isa = PBXGroup;
			children = (
				113DBB022234857C00383001 /* FirebaseService.swift */,
				113DBB082234CA3F00383001 /* ViewService.swift */,
				11B6ECDF2236101E00C7716D /* TextFormatterService.swift */,
				113662112238B083006DCAA4 /* StripeService.swift */,
				1170067D22604A91001094A1 /* UtilityService.swift */,
			);
			path = Service;
			sourceTree = "<group>";
		};
		1189A1D12237FAC400E92BED /* Constants */ = {
			isa = PBXGroup;
			children = (
				1189A1D22237FAD900E92BED /* ViewConstants.swift */,
				116D2C702239EB7B00D0F32A /* StripeConstants.swift */,
				11AEB07322453E8F0008E96E /* FirebaseConstants.swift */,
			);
			path = Constants;
			sourceTree = "<group>";
		};
		11B6ECD922360B9C00C7716D /* Popup */ = {
			isa = PBXGroup;
			children = (
				111B3F49223BD7F300E65987 /* ConfirmDialogView.swift */,
				111B3F4A223BD7F300E65987 /* ConfirmDialogView.xib */,
				115E4A29223C054B00E2EA79 /* EditUnitItemView.swift */,
				115E4A2A223C054B00E2EA79 /* EditUnitItemView.xib */,
				11B151ED228534340093FEFB /* EditWeighedItemView.swift */,
				11B151EE228534340093FEFB /* EditWeighedItemView.xib */,
				11FD1C3A2288F5A300F4E038 /* TransactionDetailView.swift */,
				11FD1C3B2288F5A300F4E038 /* TransactionDetailView.xib */,
			);
			path = Popup;
			sourceTree = "<group>";
		};
		11B6ECDA22360BA800C7716D /* TableCell */ = {
			isa = PBXGroup;
			children = (
				11B6ECDB22360BCD00C7716D /* ProductTableViewCell.swift */,
				11B6ECDC22360BCD00C7716D /* ProductTableViewCell.xib */,
				1192A06B2268F760009445D4 /* TransactionTableViewCell.swift */,
				1192A06C2268F760009445D4 /* TransactionTableViewCell.xib */,
			);
			path = TableCell;
			sourceTree = "<group>";
		};
		D1D736CB4BB7CC5E03FADD5B /* Frameworks */ = {
			isa = PBXGroup;
			children = (
				6D1ACF49A6D8A950982A240E /* Pods_Clerc.framework */,
			);
			name = Frameworks;
			sourceTree = "<group>";
		};
		EE3C11E5FBF917DBE023D908 /* Pods */ = {
			isa = PBXGroup;
			children = (
				14DEB2D70CDDF8FE8FD474F9 /* Pods-Clerc.debug.xcconfig */,
				2E62220C9AE96ADA9A0319DC /* Pods-Clerc.release.xcconfig */,
			);
			path = Pods;
			sourceTree = "<group>";
		};
/* End PBXGroup section */

/* Begin PBXNativeTarget section */
		113DBAE422341AD700383001 /* Clerc */ = {
			isa = PBXNativeTarget;
			buildConfigurationList = 113DBAF722341ADB00383001 /* Build configuration list for PBXNativeTarget "Clerc" */;
			buildPhases = (
				54695718734106662DF9E7E9 /* [CP] Check Pods Manifest.lock */,
				113DBAE122341AD700383001 /* Sources */,
				113DBAE222341AD700383001 /* Frameworks */,
				113DBAE322341AD700383001 /* Resources */,
				05C713A3FD22B44D6FCE36E3 /* [CP] Embed Pods Frameworks */,
				2F5068DD15B7506BF6565FD4 /* [CP] Copy Pods Resources */,
			);
			buildRules = (
			);
			dependencies = (
			);
			name = Clerc;
			productName = MobileCheckout;
			productReference = 113DBAE522341AD700383001 /* Clerc.app */;
			productType = "com.apple.product-type.application";
		};
/* End PBXNativeTarget section */

/* Begin PBXProject section */
		113DBADD22341AD700383001 /* Project object */ = {
			isa = PBXProject;
			attributes = {
				LastSwiftUpdateCheck = 1010;
				LastUpgradeCheck = 1010;
				ORGANIZATIONNAME = "Frank Jia";
				TargetAttributes = {
					113DBAE422341AD700383001 = {
						CreatedOnToolsVersion = 10.1;
						LastSwiftMigration = 1020;
						SystemCapabilities = {
							com.apple.ApplePay = {
								enabled = 1;
							};
						};
					};
				};
			};
			buildConfigurationList = 113DBAE022341AD700383001 /* Build configuration list for PBXProject "Clerc" */;
			compatibilityVersion = "Xcode 9.3";
			developmentRegion = en;
			hasScannedForEncodings = 0;
			knownRegions = (
				en,
				Base,
			);
			mainGroup = 113DBADC22341AD700383001;
			productRefGroup = 113DBAE622341AD700383001 /* Products */;
			projectDirPath = "";
			projectRoot = "";
			targets = (
				113DBAE422341AD700383001 /* Clerc */,
			);
		};
/* End PBXProject section */

/* Begin PBXResourcesBuildPhase section */
		113DBAE322341AD700383001 /* Resources */ = {
			isa = PBXResourcesBuildPhase;
			buildActionMask = 2147483647;
			files = (
				115E4A2C223C054B00E2EA79 /* EditUnitItemView.xib in Resources */,
				11FE4C94226E9E7D00750A87 /* GoogleService-Info.plist in Resources */,
				111B3F4C223BD7F300E65987 /* ConfirmDialogView.xib in Resources */,
				113DBAF322341ADB00383001 /* LaunchScreen.storyboard in Resources */,
				11FD1C3D2288F5A300F4E038 /* TransactionDetailView.xib in Resources */,
				11B151F0228534340093FEFB /* EditWeighedItemView.xib in Resources */,
				113DBAF022341ADB00383001 /* Assets.xcassets in Resources */,
				11B6ECDE22360BCD00C7716D /* ProductTableViewCell.xib in Resources */,
				113DBAEE22341AD700383001 /* Main.storyboard in Resources */,
				1192A06E2268F760009445D4 /* TransactionTableViewCell.xib in Resources */,
			);
			runOnlyForDeploymentPostprocessing = 0;
		};
/* End PBXResourcesBuildPhase section */

/* Begin PBXShellScriptBuildPhase section */
		05C713A3FD22B44D6FCE36E3 /* [CP] Embed Pods Frameworks */ = {
			isa = PBXShellScriptBuildPhase;
			buildActionMask = 2147483647;
			files = (
			);
			inputFileListPaths = (
			);
			inputPaths = (
				"${PODS_ROOT}/Target Support Files/Pods-Clerc/Pods-Clerc-frameworks.sh",
				"${BUILT_PRODUCTS_DIR}/Alamofire/Alamofire.framework",
				"${BUILT_PRODUCTS_DIR}/BarcodeScanner/BarcodeScanner.framework",
				"${BUILT_PRODUCTS_DIR}/BoringSSL-GRPC/openssl_grpc.framework",
				"${BUILT_PRODUCTS_DIR}/EmptyDataSet-Swift/EmptyDataSet_Swift.framework",
				"${BUILT_PRODUCTS_DIR}/GTMSessionFetcher/GTMSessionFetcher.framework",
				"${BUILT_PRODUCTS_DIR}/GoogleToolboxForMac/GoogleToolboxForMac.framework",
				"${BUILT_PRODUCTS_DIR}/GoogleUtilities/GoogleUtilities.framework",
				"${BUILT_PRODUCTS_DIR}/Protobuf/Protobuf.framework",
				"${BUILT_PRODUCTS_DIR}/QuickLayout/QuickLayout.framework",
				"${BUILT_PRODUCTS_DIR}/Realm/Realm.framework",
				"${BUILT_PRODUCTS_DIR}/RealmSwift/RealmSwift.framework",
				"${BUILT_PRODUCTS_DIR}/SVProgressHUD/SVProgressHUD.framework",
				"${BUILT_PRODUCTS_DIR}/Stripe/Stripe.framework",
				"${BUILT_PRODUCTS_DIR}/SwiftEntryKit/SwiftEntryKit.framework",
				"${BUILT_PRODUCTS_DIR}/ValueStepper/ValueStepper.framework",
				"${BUILT_PRODUCTS_DIR}/gRPC-C++/grpcpp.framework",
				"${BUILT_PRODUCTS_DIR}/gRPC-Core/grpc.framework",
				"${BUILT_PRODUCTS_DIR}/leveldb-library/leveldb.framework",
				"${BUILT_PRODUCTS_DIR}/nanopb/nanopb.framework",
			);
			name = "[CP] Embed Pods Frameworks";
			outputFileListPaths = (
			);
			outputPaths = (
				"${TARGET_BUILD_DIR}/${FRAMEWORKS_FOLDER_PATH}/Alamofire.framework",
				"${TARGET_BUILD_DIR}/${FRAMEWORKS_FOLDER_PATH}/BarcodeScanner.framework",
				"${TARGET_BUILD_DIR}/${FRAMEWORKS_FOLDER_PATH}/openssl_grpc.framework",
				"${TARGET_BUILD_DIR}/${FRAMEWORKS_FOLDER_PATH}/EmptyDataSet_Swift.framework",
				"${TARGET_BUILD_DIR}/${FRAMEWORKS_FOLDER_PATH}/GTMSessionFetcher.framework",
				"${TARGET_BUILD_DIR}/${FRAMEWORKS_FOLDER_PATH}/GoogleToolboxForMac.framework",
				"${TARGET_BUILD_DIR}/${FRAMEWORKS_FOLDER_PATH}/GoogleUtilities.framework",
				"${TARGET_BUILD_DIR}/${FRAMEWORKS_FOLDER_PATH}/Protobuf.framework",
				"${TARGET_BUILD_DIR}/${FRAMEWORKS_FOLDER_PATH}/QuickLayout.framework",
				"${TARGET_BUILD_DIR}/${FRAMEWORKS_FOLDER_PATH}/Realm.framework",
				"${TARGET_BUILD_DIR}/${FRAMEWORKS_FOLDER_PATH}/RealmSwift.framework",
				"${TARGET_BUILD_DIR}/${FRAMEWORKS_FOLDER_PATH}/SVProgressHUD.framework",
				"${TARGET_BUILD_DIR}/${FRAMEWORKS_FOLDER_PATH}/Stripe.framework",
				"${TARGET_BUILD_DIR}/${FRAMEWORKS_FOLDER_PATH}/SwiftEntryKit.framework",
				"${TARGET_BUILD_DIR}/${FRAMEWORKS_FOLDER_PATH}/ValueStepper.framework",
				"${TARGET_BUILD_DIR}/${FRAMEWORKS_FOLDER_PATH}/grpcpp.framework",
				"${TARGET_BUILD_DIR}/${FRAMEWORKS_FOLDER_PATH}/grpc.framework",
				"${TARGET_BUILD_DIR}/${FRAMEWORKS_FOLDER_PATH}/leveldb.framework",
				"${TARGET_BUILD_DIR}/${FRAMEWORKS_FOLDER_PATH}/nanopb.framework",
			);
			runOnlyForDeploymentPostprocessing = 0;
			shellPath = /bin/sh;
			shellScript = "\"${PODS_ROOT}/Target Support Files/Pods-Clerc/Pods-Clerc-frameworks.sh\"\n";
			showEnvVarsInLog = 0;
		};
		2F5068DD15B7506BF6565FD4 /* [CP] Copy Pods Resources */ = {
			isa = PBXShellScriptBuildPhase;
			buildActionMask = 2147483647;
			files = (
			);
			inputFileListPaths = (
			);
			inputPaths = (
				"${PODS_ROOT}/Target Support Files/Pods-Clerc/Pods-Clerc-resources.sh",
				"${PODS_CONFIGURATION_BUILD_DIR}/FirebaseUI/FirebaseAuthUI.bundle",
				"${PODS_CONFIGURATION_BUILD_DIR}/FirebaseUI/FirebaseGoogleAuthUI.bundle",
				"${PODS_ROOT}/GoogleSignIn/Resources/GoogleSignIn.bundle",
			);
			name = "[CP] Copy Pods Resources";
			outputFileListPaths = (
			);
			outputPaths = (
				"${TARGET_BUILD_DIR}/${UNLOCALIZED_RESOURCES_FOLDER_PATH}/FirebaseAuthUI.bundle",
				"${TARGET_BUILD_DIR}/${UNLOCALIZED_RESOURCES_FOLDER_PATH}/FirebaseGoogleAuthUI.bundle",
				"${TARGET_BUILD_DIR}/${UNLOCALIZED_RESOURCES_FOLDER_PATH}/GoogleSignIn.bundle",
			);
			runOnlyForDeploymentPostprocessing = 0;
			shellPath = /bin/sh;
			shellScript = "\"${PODS_ROOT}/Target Support Files/Pods-Clerc/Pods-Clerc-resources.sh\"\n";
			showEnvVarsInLog = 0;
		};
		54695718734106662DF9E7E9 /* [CP] Check Pods Manifest.lock */ = {
			isa = PBXShellScriptBuildPhase;
			buildActionMask = 2147483647;
			files = (
			);
			inputFileListPaths = (
			);
			inputPaths = (
				"${PODS_PODFILE_DIR_PATH}/Podfile.lock",
				"${PODS_ROOT}/Manifest.lock",
			);
			name = "[CP] Check Pods Manifest.lock";
			outputFileListPaths = (
			);
			outputPaths = (
				"$(DERIVED_FILE_DIR)/Pods-Clerc-checkManifestLockResult.txt",
			);
			runOnlyForDeploymentPostprocessing = 0;
			shellPath = /bin/sh;
			shellScript = "diff \"${PODS_PODFILE_DIR_PATH}/Podfile.lock\" \"${PODS_ROOT}/Manifest.lock\" > /dev/null\nif [ $? != 0 ] ; then\n    # print error to STDERR\n    echo \"error: The sandbox is not in sync with the Podfile.lock. Run 'pod install' or update your CocoaPods installation.\" >&2\n    exit 1\nfi\n# This output is used by Xcode 'outputs' to avoid re-running this script phase.\necho \"SUCCESS\" > \"${SCRIPT_OUTPUT_FILE_0}\"\n";
			showEnvVarsInLog = 0;
		};
/* End PBXShellScriptBuildPhase section */

/* Begin PBXSourcesBuildPhase section */
		113DBAE122341AD700383001 /* Sources */ = {
			isa = PBXSourcesBuildPhase;
			buildActionMask = 2147483647;
			files = (
				1192A06A2268D1B4009445D4 /* Transaction.swift in Sources */,
				113DBAEB22341AD700383001 /* HomeViewController.swift in Sources */,
				113DBB032234857C00383001 /* FirebaseService.swift in Sources */,
				1143DCDC2268016F0070AA1A /* JWT.swift in Sources */,
				11B6ECCF22359C9A00C7716D /* ShoppingViewController.swift in Sources */,
				113DBB092234CA3F00383001 /* ViewService.swift in Sources */,
				113662122238B083006DCAA4 /* StripeService.swift in Sources */,
				113662102238ACAC006DCAA4 /* CheckoutViewController.swift in Sources */,
				115E4A2B223C054B00E2EA79 /* EditUnitItemView.swift in Sources */,
				11B151EF228534340093FEFB /* EditWeighedItemView.swift in Sources */,
				1189A1D32237FAD900E92BED /* ViewConstants.swift in Sources */,
				11FD1C3C2288F5A300F4E038 /* TransactionDetailView.swift in Sources */,
				116D2C712239EB7B00D0F32A /* StripeConstants.swift in Sources */,
				11B6ECDD22360BCD00C7716D /* ProductTableViewCell.swift in Sources */,
				113DBB072234866C00383001 /* Product.swift in Sources */,
				111B3F4B223BD7F300E65987 /* ConfirmDialogView.swift in Sources */,
				11AEB076224540510008E96E /* Customer.swift in Sources */,
				1192A06D2268F760009445D4 /* TransactionTableViewCell.swift in Sources */,
				116D2C77223B2F6600D0F32A /* PaymentSuccessViewController.swift in Sources */,
				11AEB072224524710008E96E /* LoginViewController.swift in Sources */,
				11AEB07422453E8F0008E96E /* FirebaseConstants.swift in Sources */,
				1170067E22604A91001094A1 /* UtilityService.swift in Sources */,
				11B6ECE02236101E00C7716D /* TextFormatterService.swift in Sources */,
				113DBAE922341AD700383001 /* AppDelegate.swift in Sources */,
				113DBB05223485B000383001 /* Store.swift in Sources */,
			);
			runOnlyForDeploymentPostprocessing = 0;
		};
/* End PBXSourcesBuildPhase section */

/* Begin PBXVariantGroup section */
		113DBAEC22341AD700383001 /* Main.storyboard */ = {
			isa = PBXVariantGroup;
			children = (
				113DBAED22341AD700383001 /* Base */,
			);
			name = Main.storyboard;
			sourceTree = "<group>";
		};
		113DBAF122341ADB00383001 /* LaunchScreen.storyboard */ = {
			isa = PBXVariantGroup;
			children = (
				113DBAF222341ADB00383001 /* Base */,
			);
			name = LaunchScreen.storyboard;
			sourceTree = "<group>";
		};
/* End PBXVariantGroup section */

/* Begin XCBuildConfiguration section */
		113DBAF522341ADB00383001 /* Debug */ = {
			isa = XCBuildConfiguration;
			buildSettings = {
				ALWAYS_SEARCH_USER_PATHS = NO;
				CLANG_ANALYZER_NONNULL = YES;
				CLANG_ANALYZER_NUMBER_OBJECT_CONVERSION = YES_AGGRESSIVE;
				CLANG_CXX_LANGUAGE_STANDARD = "gnu++14";
				CLANG_CXX_LIBRARY = "libc++";
				CLANG_ENABLE_MODULES = YES;
				CLANG_ENABLE_OBJC_ARC = YES;
				CLANG_ENABLE_OBJC_WEAK = YES;
				CLANG_WARN_BLOCK_CAPTURE_AUTORELEASING = YES;
				CLANG_WARN_BOOL_CONVERSION = YES;
				CLANG_WARN_COMMA = YES;
				CLANG_WARN_CONSTANT_CONVERSION = YES;
				CLANG_WARN_DEPRECATED_OBJC_IMPLEMENTATIONS = YES;
				CLANG_WARN_DIRECT_OBJC_ISA_USAGE = YES_ERROR;
				CLANG_WARN_DOCUMENTATION_COMMENTS = YES;
				CLANG_WARN_EMPTY_BODY = YES;
				CLANG_WARN_ENUM_CONVERSION = YES;
				CLANG_WARN_INFINITE_RECURSION = YES;
				CLANG_WARN_INT_CONVERSION = YES;
				CLANG_WARN_NON_LITERAL_NULL_CONVERSION = YES;
				CLANG_WARN_OBJC_IMPLICIT_RETAIN_SELF = YES;
				CLANG_WARN_OBJC_LITERAL_CONVERSION = YES;
				CLANG_WARN_OBJC_ROOT_CLASS = YES_ERROR;
				CLANG_WARN_RANGE_LOOP_ANALYSIS = YES;
				CLANG_WARN_STRICT_PROTOTYPES = YES;
				CLANG_WARN_SUSPICIOUS_MOVE = YES;
				CLANG_WARN_UNGUARDED_AVAILABILITY = YES_AGGRESSIVE;
				CLANG_WARN_UNREACHABLE_CODE = YES;
				CLANG_WARN__DUPLICATE_METHOD_MATCH = YES;
				CODE_SIGN_IDENTITY = "iPhone Developer";
				COPY_PHASE_STRIP = NO;
				DEBUG_INFORMATION_FORMAT = dwarf;
				ENABLE_STRICT_OBJC_MSGSEND = YES;
				ENABLE_TESTABILITY = YES;
				GCC_C_LANGUAGE_STANDARD = gnu11;
				GCC_DYNAMIC_NO_PIC = NO;
				GCC_NO_COMMON_BLOCKS = YES;
				GCC_OPTIMIZATION_LEVEL = 0;
				GCC_PREPROCESSOR_DEFINITIONS = (
					"DEBUG=1",
					"$(inherited)",
				);
				GCC_WARN_64_TO_32_BIT_CONVERSION = YES;
				GCC_WARN_ABOUT_RETURN_TYPE = YES_ERROR;
				GCC_WARN_UNDECLARED_SELECTOR = YES;
				GCC_WARN_UNINITIALIZED_AUTOS = YES_AGGRESSIVE;
				GCC_WARN_UNUSED_FUNCTION = YES;
				GCC_WARN_UNUSED_VARIABLE = YES;
				IPHONEOS_DEPLOYMENT_TARGET = 12.1;
				MTL_ENABLE_DEBUG_INFO = INCLUDE_SOURCE;
				MTL_FAST_MATH = YES;
				ONLY_ACTIVE_ARCH = YES;
				SDKROOT = iphoneos;
				SWIFT_ACTIVE_COMPILATION_CONDITIONS = DEBUG;
				SWIFT_OPTIMIZATION_LEVEL = "-Onone";
			};
			name = Debug;
		};
		113DBAF622341ADB00383001 /* Release */ = {
			isa = XCBuildConfiguration;
			buildSettings = {
				ALWAYS_SEARCH_USER_PATHS = NO;
				CLANG_ANALYZER_NONNULL = YES;
				CLANG_ANALYZER_NUMBER_OBJECT_CONVERSION = YES_AGGRESSIVE;
				CLANG_CXX_LANGUAGE_STANDARD = "gnu++14";
				CLANG_CXX_LIBRARY = "libc++";
				CLANG_ENABLE_MODULES = YES;
				CLANG_ENABLE_OBJC_ARC = YES;
				CLANG_ENABLE_OBJC_WEAK = YES;
				CLANG_WARN_BLOCK_CAPTURE_AUTORELEASING = YES;
				CLANG_WARN_BOOL_CONVERSION = YES;
				CLANG_WARN_COMMA = YES;
				CLANG_WARN_CONSTANT_CONVERSION = YES;
				CLANG_WARN_DEPRECATED_OBJC_IMPLEMENTATIONS = YES;
				CLANG_WARN_DIRECT_OBJC_ISA_USAGE = YES_ERROR;
				CLANG_WARN_DOCUMENTATION_COMMENTS = YES;
				CLANG_WARN_EMPTY_BODY = YES;
				CLANG_WARN_ENUM_CONVERSION = YES;
				CLANG_WARN_INFINITE_RECURSION = YES;
				CLANG_WARN_INT_CONVERSION = YES;
				CLANG_WARN_NON_LITERAL_NULL_CONVERSION = YES;
				CLANG_WARN_OBJC_IMPLICIT_RETAIN_SELF = YES;
				CLANG_WARN_OBJC_LITERAL_CONVERSION = YES;
				CLANG_WARN_OBJC_ROOT_CLASS = YES_ERROR;
				CLANG_WARN_RANGE_LOOP_ANALYSIS = YES;
				CLANG_WARN_STRICT_PROTOTYPES = YES;
				CLANG_WARN_SUSPICIOUS_MOVE = YES;
				CLANG_WARN_UNGUARDED_AVAILABILITY = YES_AGGRESSIVE;
				CLANG_WARN_UNREACHABLE_CODE = YES;
				CLANG_WARN__DUPLICATE_METHOD_MATCH = YES;
				CODE_SIGN_IDENTITY = "iPhone Developer";
				COPY_PHASE_STRIP = NO;
				DEBUG_INFORMATION_FORMAT = "dwarf-with-dsym";
				ENABLE_NS_ASSERTIONS = NO;
				ENABLE_STRICT_OBJC_MSGSEND = YES;
				GCC_C_LANGUAGE_STANDARD = gnu11;
				GCC_NO_COMMON_BLOCKS = YES;
				GCC_WARN_64_TO_32_BIT_CONVERSION = YES;
				GCC_WARN_ABOUT_RETURN_TYPE = YES_ERROR;
				GCC_WARN_UNDECLARED_SELECTOR = YES;
				GCC_WARN_UNINITIALIZED_AUTOS = YES_AGGRESSIVE;
				GCC_WARN_UNUSED_FUNCTION = YES;
				GCC_WARN_UNUSED_VARIABLE = YES;
				IPHONEOS_DEPLOYMENT_TARGET = 12.1;
				MTL_ENABLE_DEBUG_INFO = NO;
				MTL_FAST_MATH = YES;
				SDKROOT = iphoneos;
				SWIFT_COMPILATION_MODE = wholemodule;
				SWIFT_OPTIMIZATION_LEVEL = "-O";
				VALIDATE_PRODUCT = YES;
			};
			name = Release;
		};
		113DBAF822341ADB00383001 /* Debug */ = {
			isa = XCBuildConfiguration;
			baseConfigurationReference = 14DEB2D70CDDF8FE8FD474F9 /* Pods-Clerc.debug.xcconfig */;
			buildSettings = {
				ASSETCATALOG_COMPILER_APPICON_NAME = AppIcon;
				CODE_SIGN_ENTITLEMENTS = Clerc/Clerc.entitlements;
				CODE_SIGN_STYLE = Automatic;
				DEVELOPMENT_TEAM = P2M6BCPR7S;
				INFOPLIST_FILE = "$(SRCROOT)/Clerc/Info.plist";
				LD_RUNPATH_SEARCH_PATHS = (
					"$(inherited)",
					"@executable_path/Frameworks",
				);
				PRODUCT_BUNDLE_IDENTIFIER = com.paywithclerc.paywithclerc;
				PRODUCT_NAME = "$(TARGET_NAME)";
				SWIFT_VERSION = 5.0;
				TARGETED_DEVICE_FAMILY = "1,2";
			};
			name = Debug;
		};
		113DBAF922341ADB00383001 /* Release */ = {
			isa = XCBuildConfiguration;
			baseConfigurationReference = 2E62220C9AE96ADA9A0319DC /* Pods-Clerc.release.xcconfig */;
			buildSettings = {
				ASSETCATALOG_COMPILER_APPICON_NAME = AppIcon;
				CODE_SIGN_ENTITLEMENTS = Clerc/Clerc.entitlements;
				CODE_SIGN_STYLE = Automatic;
				DEVELOPMENT_TEAM = P2M6BCPR7S;
				INFOPLIST_FILE = "$(SRCROOT)/Clerc/Info.plist";
				LD_RUNPATH_SEARCH_PATHS = (
					"$(inherited)",
					"@executable_path/Frameworks",
				);
				PRODUCT_BUNDLE_IDENTIFIER = com.paywithclerc.paywithclerc;
				PRODUCT_NAME = "$(TARGET_NAME)";
				SWIFT_VERSION = 5.0;
				TARGETED_DEVICE_FAMILY = "1,2";
			};
			name = Release;
		};
/* End XCBuildConfiguration section */

/* Begin XCConfigurationList section */
		113DBAE022341AD700383001 /* Build configuration list for PBXProject "Clerc" */ = {
			isa = XCConfigurationList;
			buildConfigurations = (
				113DBAF522341ADB00383001 /* Debug */,
				113DBAF622341ADB00383001 /* Release */,
			);
			defaultConfigurationIsVisible = 0;
			defaultConfigurationName = Release;
		};
		113DBAF722341ADB00383001 /* Build configuration list for PBXNativeTarget "Clerc" */ = {
			isa = XCConfigurationList;
			buildConfigurations = (
				113DBAF822341ADB00383001 /* Debug */,
				113DBAF922341ADB00383001 /* Release */,
			);
			defaultConfigurationIsVisible = 0;
			defaultConfigurationName = Release;
		};
/* End XCConfigurationList section */
	};
	rootObject = 113DBADD22341AD700383001 /* Project object */;
}
